
Microsoft Visual Studio Solution File, Format Version 12.00
# Visual Studio Version 16
VisualStudioVersion = 16.0.29215.179
MinimumVisualStudioVersion = 10.0.40219.1
Project("{FAE04EC0-301F-11D3-BF4B-00C04F79EFBC}") = "ClimbingInheritance", "ClimbingInheritance\ClimbingInheritance.csproj", "{B0CFAD53-7B77-49A0-AEA7-9882514D7DEA}"
EndProject
Global
	GlobalSection(SolutionConfigurationPlatforms) = preSolution
		Debug|Any CPU = Debug|Any CPU
		Release|Any CPU = Release|Any CPU
	EndGlobalSection
	GlobalSection(ProjectConfigurationPlatforms) = postSolution
		{B0CFAD53-7B77-49A0-AEA7-9882514D7DEA}.Debug|Any CPU.ActiveCfg = Debug|Any CPU
		{B0CFAD53-7B77-49A0-AEA7-9882514D7DEA}.Debug|Any CPU.Build.0 = Debug|Any CPU
		{B0CFAD53-7B77-49A0-AEA7-9882514D7DEA}.Release|Any CPU.ActiveCfg = Release|Any CPU
		{B0CFAD53-7B77-49A0-AEA7-9882514D7DEA}.Release|Any CPU.Build.0 = Release|Any CPU
	EndGlobalSection
	GlobalSection(SolutionProperties) = preSolution
		HideSolutionNode = FALSE
	EndGlobalSection
	GlobalSection(ExtensibilityGlobals) = postSolution
		SolutionGuid = {48E4E825-CF30-485F-9AF7-37472C8B6674}
	EndGlobalSection
EndGlobal
